
Microsoft Visual Studio Solution File, Format Version 12.00
# Visual Studio Version 17
VisualStudioVersion = 17.8.34511.84
MinimumVisualStudioVersion = 10.0.40219.1
Project("{FAE04EC0-301F-11D3-BF4B-00C04F79EFBC}") = "Organiser", "Organiser.csproj", "{DE95517E-3892-4C6D-9AAC-CBEACDCDE5AE}"
EndProject
Global
	GlobalSection(SolutionConfigurationPlatforms) = preSolution
		Debug|Any CPU = Debug|Any CPU
		Release|Any CPU = Release|Any CPU
	EndGlobalSection
	GlobalSection(ProjectConfigurationPlatforms) = postSolution
		{DE95517E-3892-4C6D-9AAC-CBEACDCDE5AE}.Debug|Any CPU.ActiveCfg = Debug|Any CPU
		{DE95517E-3892-4C6D-9AAC-CBEACDCDE5AE}.Debug|Any CPU.Build.0 = Debug|Any CPU
		{DE95517E-3892-4C6D-9AAC-CBEACDCDE5AE}.Release|Any CPU.ActiveCfg = Release|Any CPU
		{DE95517E-3892-4C6D-9AAC-CBEACDCDE5AE}.Release|Any CPU.Build.0 = Release|Any CPU
	EndGlobalSection
	GlobalSection(SolutionProperties) = preSolution
		HideSolutionNode = FALSE
	EndGlobalSection
	GlobalSection(ExtensibilityGlobals) = postSolution
		SolutionGuid = {2DD68CB9-011C-441C-AB04-5E0CAC17F4B5}
	EndGlobalSection
EndGlobal
