
Microsoft Visual Studio Solution File, Format Version 12.00
# Visual Studio Version 17
VisualStudioVersion = 17.8.34511.84
MinimumVisualStudioVersion = 10.0.40219.1
Project("{FAE04EC0-301F-11D3-BF4B-00C04F79EFBC}") = "PO", "PO.csproj", "{13500ED2-B306-46E0-AED1-CC719FDEF09C}"
EndProject
Global
	GlobalSection(SolutionConfigurationPlatforms) = preSolution
		Debug|Any CPU = Debug|Any CPU
		Release|Any CPU = Release|Any CPU
	EndGlobalSection
	GlobalSection(ProjectConfigurationPlatforms) = postSolution
		{13500ED2-B306-46E0-AED1-CC719FDEF09C}.Debug|Any CPU.ActiveCfg = Debug|Any CPU
		{13500ED2-B306-46E0-AED1-CC719FDEF09C}.Debug|Any CPU.Build.0 = Debug|Any CPU
		{13500ED2-B306-46E0-AED1-CC719FDEF09C}.Release|Any CPU.ActiveCfg = Release|Any CPU
		{13500ED2-B306-46E0-AED1-CC719FDEF09C}.Release|Any CPU.Build.0 = Release|Any CPU
	EndGlobalSection
	GlobalSection(SolutionProperties) = preSolution
		HideSolutionNode = FALSE
	EndGlobalSection
	GlobalSection(ExtensibilityGlobals) = postSolution
		SolutionGuid = {273B3F5B-E29F-42BE-AA81-6D80A779E814}
	EndGlobalSection
EndGlobal
